<?xml version="1.0" encoding="utf-8"?>
<Project ToolsVersion="4.0" xmlns="http://schemas.microsoft.com/developer/msbuild/2003">
  <ItemGroup>
    <Filter Include="Source Files">
      <UniqueIdentifier>{4FC737F1-C7A5-4376-A066-2A32D752A2FF}</UniqueIdentifier>
      <Extensions>cpp;c;cc;cxx;def;odl;idl;hpj;bat;asm;asmx</Extensions>
    </Filter>
    <Filter Include="Header Files">
      <UniqueIdentifier>{93995380-89BD-4b04-88EB-625FBE52EBFB}</UniqueIdentifier>
      <Extensions>h;hpp;hxx;hm;inl;inc;xsd</Extensions>
    </Filter>
    <Filter Include="Resource Files">
      <UniqueIdentifier>{67DA6AB6-F800-4c08-8B7A-83BB121AAD01}</UniqueIdentifier>
      <Extensions>rc;ico;cur;bmp;dlg;rc2;rct;bin;rgs;gif;jpg;jpeg;jpe;resx;tiff;tif;png;wav;mfcribbon-ms</Extensions>
    </Filter>
    <Filter Include="isensdk">
      <UniqueIdentifier>{d9351724-4385-4d8d-a866-269ce37b6b91}</UniqueIdentifier>
    </Filter>
  </ItemGroup>
  <ItemGroup>
    <ClInclude Include="GsensorCalibration.h">
      <Filter>Header Files</Filter>
    </ClInclude>
    <ClInclude Include="guicon.h">
      <Filter>Header Files</Filter>
    </ClInclude>
    <ClInclude Include="I2cMasterOperation.h">
      <Filter>Header Files</Filter>
    </ClInclude>
    <ClInclude Include="iSensors.h">
      <Filter>Header Files</Filter>
    </ClInclude>
    <ClInclude Include="iSensorsDlg.h">
      <Filter>Header Files</Filter>
    </ClInclude>
    <ClInclude Include="SAPrefsStatic.h">
      <Filter>Header Files</Filter>
    </ClInclude>
    <ClInclude Include="SAPrefsSubDlg.h">
      <Filter>Header Files</Filter>
    </ClInclude>
    <ClInclude Include="SATreeCtrl.h">
      <Filter>Header Files</Filter>
    </ClInclude>
    <ClInclude Include="SensorsHeader.h">
      <Filter>Header Files</Filter>
    </ClInclude>
    <ClInclude Include="stdafx.h">
      <Filter>Header Files</Filter>
    </ClInclude>
    <ClInclude Include="targetver.h">
      <Filter>Header Files</Filter>
    </ClInclude>
    <ClInclude Include="GUI\Waveform\WaveformCtrl.h">
      <Filter>Header Files</Filter>
    </ClInclude>
    <ClInclude Include="Interface\iSenInterfaceLinker.h">
      <Filter>Header Files</Filter>
    </ClInclude>
    <ClInclude Include="Interface\I2C\ISenI2cMaster.h">
      <Filter>Header Files</Filter>
    </ClInclude>
    <ClInclude Include="Interface\I2C\IOW\IowClass.h">
      <Filter>Header Files</Filter>
    </ClInclude>
    <ClInclude Include="Interface\I2C\IOW\iowkit.h">
      <Filter>Header Files</Filter>
    </ClInclude>
    <ClInclude Include="Interface\I2C\aardvark\aardvark.h">
      <Filter>Header Files</Filter>
    </ClInclude>
    <ClInclude Include="Interface\I2C\aardvark\AardvarkClass.h">
      <Filter>Header Files</Filter>
    </ClInclude>
    <ClInclude Include="SensorDrivers\include\Dmard08Driver.h">
      <Filter>Header Files</Filter>
    </ClInclude>
    <ClInclude Include="SensorDrivers\include\Ist8301Driver.h">
      <Filter>Header Files</Filter>
    </ClInclude>
    <ClInclude Include="SensorDrivers\include\Kxtf9Driver.h">
      <Filter>Header Files</Filter>
    </ClInclude>
    <ClInclude Include="SensorDrivers\include\L3g4200dDriver.h">
      <Filter>Header Files</Filter>
    </ClInclude>
    <ClInclude Include="SensorDrivers\include\SensorBase.h">
      <Filter>Header Files</Filter>
    </ClInclude>
    <ClInclude Include="SensorDrivers\include\Sensors.h">
      <Filter>Header Files</Filter>
    </ClInclude>
    <ClInclude Include="..\isensdk\ist_config.h">
      <Filter>isensdk</Filter>
    </ClInclude>
    <ClInclude Include="..\isensdk\ist_math.h">
      <Filter>isensdk</Filter>
    </ClInclude>
    <ClInclude Include="..\isensdk\ist_rotation.h">
      <Filter>isensdk</Filter>
    </ClInclude>
    <ClInclude Include="..\isensdk\ist_ieee754.h">
      <Filter>isensdk</Filter>
    </ClInclude>
    <ClInclude Include="..\isensdk\ist_float.h">
      <Filter>isensdk</Filter>
    </ClInclude>
    <ClInclude Include="..\isensdk\ist_prep.h">
      <Filter>isensdk</Filter>
    </ClInclude>
    <ClInclude Include="..\isensdk\ist_milieu.h">
      <Filter>isensdk</Filter>
    </ClInclude>
    <ClInclude Include="..\isensdk\ist_types.h">
      <Filter>isensdk</Filter>
    </ClInclude>
    <ClInclude Include="..\isensdk\ist_accel.h">
      <Filter>isensdk</Filter>
    </ClInclude>
    <ClInclude Include="..\isensdk\ist_macro.h">
      <Filter>isensdk</Filter>
    </ClInclude>
    <ClInclude Include="..\isensdk\ist_wma.h">
      <Filter>isensdk</Filter>
    </ClInclude>
    <ClInclude Include="..\isensdk\ist_softiron.h">
      <Filter>isensdk</Filter>
    </ClInclude>
    <ClInclude Include="..\isensdk\ist_sma.h">
      <Filter>isensdk</Filter>
    </ClInclude>
    <ClInclude Include="..\isensdk\ist_rma.h">
      <Filter>isensdk</Filter>
    </ClInclude>
    <ClInclude Include="..\isensdk\ist_magnet.h">
      <Filter>isensdk</Filter>
    </ClInclude>
    <ClInclude Include="..\isensdk\ist_hardiron.h">
      <Filter>isensdk</Filter>
    </ClInclude>
    <ClInclude Include="..\isensdk\ist_fifo.h">
      <Filter>isensdk</Filter>
    </ClInclude>
    <ClInclude Include="..\isensdk\ist_errno.h">
      <Filter>isensdk</Filter>
    </ClInclude>
    <ClInclude Include="..\isensdk\ist_ellipsoid.h">
      <Filter>isensdk</Filter>
    </ClInclude>
    <ClInclude Include="..\isensdk\ist_bqdlpf.h">
      <Filter>isensdk</Filter>
    </ClInclude>
    <ClInclude Include="..\isensdk\ist_alma.h">
      <Filter>isensdk</Filter>
    </ClInclude>
    <ClInclude Include="..\isensdk\ist_fusion.h">
      <Filter>isensdk</Filter>
    </ClInclude>
    <ClInclude Include="..\isensdk\ist_sphere.h">
      <Filter>isensdk</Filter>
    </ClInclude>
    <ClInclude Include="..\isensdk\ist_mma.h">
      <Filter>isensdk</Filter>
    </ClInclude>
    <ClInclude Include="..\isensdk\ist_debug.h">
      <Filter>isensdk</Filter>
    </ClInclude>
    <ClInclude Include="..\isensdk\ist_qft.h">
      <Filter>isensdk</Filter>
    </ClInclude>
    <ClInclude Include="SubDlgs\SubDlgsHeader.h">
      <Filter>Header Files</Filter>
    </ClInclude>
    <ClInclude Include="SubDlgs\Magnetometer\SubDlgMagnetometer.h">
      <Filter>Header Files</Filter>
    </ClInclude>
    <ClInclude Include="SubDlgs\Magnetometer\SubDlgMagnetometerApp.h">
      <Filter>Header Files</Filter>
    </ClInclude>
    <ClInclude Include="SubDlgs\Magnetometer\SubDlgMagnetometerData.h">
      <Filter>Header Files</Filter>
    </ClInclude>
    <ClInclude Include="SubDlgs\Gyroscope\SubDlgGyroscope.h">
      <Filter>Header Files</Filter>
    </ClInclude>
    <ClInclude Include="SubDlgs\Gyroscope\SubDlgGyroscopeApp.h">
      <Filter>Header Files</Filter>
    </ClInclude>
    <ClInclude Include="SubDlgs\Gyroscope\SubDlgGyroscopeData.h">
      <Filter>Header Files</Filter>
    </ClInclude>
    <ClInclude Include="SubDlgs\Compass\SubDlgCompass.h">
      <Filter>Header Files</Filter>
    </ClInclude>
    <ClInclude Include="SubDlgs\Accelerometer\SubDlgAccelerometer.h">
      <Filter>Header Files</Filter>
    </ClInclude>
    <ClInclude Include="SubDlgs\Accelerometer\SubDlgAccelerometerApp.h">
      <Filter>Header Files</Filter>
    </ClInclude>
    <ClInclude Include="SubDlgs\Accelerometer\SubDlgAccelerometerData.h">
      <Filter>Header Files</Filter>
    </ClInclude>
    <ClInclude Include="resource.h">
      <Filter>Header Files</Filter>
    </ClInclude>
    <ClInclude Include="MyUtility.h">
      <Filter>Header Files</Filter>
    </ClInclude>
    <ClInclude Include="acceleration_calibration.h">
      <Filter>Header Files</Filter>
    </ClInclude>
    <ClInclude Include="typedefs.h">
      <Filter>Header Files</Filter>
    </ClInclude>
  </ItemGroup>
  <ItemGroup>
    <ClCompile Include="guicon.cpp">
      <Filter>Source Files</Filter>
    </ClCompile>
    <ClCompile Include="I2cMasterOperation.cpp">
      <Filter>Source Files</Filter>
    </ClCompile>
    <ClCompile Include="iSensors.cpp">
      <Filter>Source Files</Filter>
    </ClCompile>
    <ClCompile Include="iSensorsDlg.cpp">
      <Filter>Source Files</Filter>
    </ClCompile>
    <ClCompile Include="iSensorsDlgGUI.cpp">
      <Filter>Source Files</Filter>
    </ClCompile>
    <ClCompile Include="iSensorsDlgMenu.cpp">
      <Filter>Source Files</Filter>
    </ClCompile>
    <ClCompile Include="SAPrefsStatic.cpp">
      <Filter>Source Files</Filter>
    </ClCompile>
    <ClCompile Include="SAPrefsSubDlg.cpp">
      <Filter>Source Files</Filter>
    </ClCompile>
    <ClCompile Include="SATreeCtrl.cpp">
      <Filter>Source Files</Filter>
    </ClCompile>
    <ClCompile Include="stdafx.cpp">
      <Filter>Source Files</Filter>
    </ClCompile>
    <ClCompile Include="GUI\Waveform\WaveformCtrl.cpp">
      <Filter>Source Files</Filter>
    </ClCompile>
    <ClCompile Include="SensorDrivers\SensorBase.cpp">
      <Filter>Source Files</Filter>
    </ClCompile>
    <ClCompile Include="SensorDrivers\magnetmeter\iSenTek\Ist8301Driver.cpp">
      <Filter>Source Files</Filter>
    </ClCompile>
    <ClCompile Include="SensorDrivers\gyroscope\ST\L3g4200dDriver.cpp">
      <Filter>Source Files</Filter>
    </ClCompile>
    <ClCompile Include="SensorDrivers\accelerometer\Domintech\Dmard08Driver.cpp">
      <Filter>Source Files</Filter>
    </ClCompile>
    <ClCompile Include="SensorDrivers\accelerometer\Kionix\Kxtf9Driver.cpp">
      <Filter>Source Files</Filter>
    </ClCompile>
    <ClCompile Include="..\isensdk\ist_accel.c">
      <Filter>isensdk</Filter>
    </ClCompile>
    <ClCompile Include="..\isensdk\ist_alma.c">
      <Filter>isensdk</Filter>
    </ClCompile>
    <ClCompile Include="..\isensdk\ist_bqdlpf.c">
      <Filter>isensdk</Filter>
    </ClCompile>
    <ClCompile Include="..\isensdk\ist_debug.c">
      <Filter>isensdk</Filter>
    </ClCompile>
    <ClCompile Include="..\isensdk\ist_ellipsoid.c">
      <Filter>isensdk</Filter>
    </ClCompile>
    <ClCompile Include="..\isensdk\ist_errno.c">
      <Filter>isensdk</Filter>
    </ClCompile>
    <ClCompile Include="..\isensdk\ist_fifo.c">
      <Filter>isensdk</Filter>
    </ClCompile>
    <ClCompile Include="..\isensdk\ist_fusion.c">
      <Filter>isensdk</Filter>
    </ClCompile>
    <ClCompile Include="..\isensdk\ist_hardiron.c">
      <Filter>isensdk</Filter>
    </ClCompile>
    <ClCompile Include="..\isensdk\ist_ieee754.c">
      <Filter>isensdk</Filter>
    </ClCompile>
    <ClCompile Include="..\isensdk\ist_magnet.c">
      <Filter>isensdk</Filter>
    </ClCompile>
    <ClCompile Include="..\isensdk\ist_milieu.c">
      <Filter>isensdk</Filter>
    </ClCompile>
    <ClCompile Include="..\isensdk\ist_mma.c">
      <Filter>isensdk</Filter>
    </ClCompile>
    <ClCompile Include="..\isensdk\ist_rma.c">
      <Filter>isensdk</Filter>
    </ClCompile>
    <ClCompile Include="..\isensdk\ist_rotation.c">
      <Filter>isensdk</Filter>
    </ClCompile>
    <ClCompile Include="..\isensdk\ist_sma.c">
      <Filter>isensdk</Filter>
    </ClCompile>
    <ClCompile Include="..\isensdk\ist_softiron.c">
      <Filter>isensdk</Filter>
    </ClCompile>
    <ClCompile Include="..\isensdk\ist_sphere.c">
      <Filter>isensdk</Filter>
    </ClCompile>
    <ClCompile Include="..\isensdk\ist_wma.c">
      <Filter>isensdk</Filter>
    </ClCompile>
    <ClCompile Include="SubDlgs\Magnetometer\SubDlgMagnetometer.cpp">
      <Filter>Source Files</Filter>
    </ClCompile>
    <ClCompile Include="SubDlgs\Magnetometer\SubDlgMagnetometerApp.cpp">
      <Filter>Source Files</Filter>
    </ClCompile>
    <ClCompile Include="SubDlgs\Magnetometer\SubDlgMagnetometerData.cpp">
      <Filter>Source Files</Filter>
    </ClCompile>
    <ClCompile Include="SubDlgs\Gyroscope\SubDlgGyroscope.cpp">
      <Filter>Source Files</Filter>
    </ClCompile>
    <ClCompile Include="SubDlgs\Gyroscope\SubDlgGyroscopeApp.cpp">
      <Filter>Source Files</Filter>
    </ClCompile>
    <ClCompile Include="SubDlgs\Gyroscope\SubDlgGyroscopeData.cpp">
      <Filter>Source Files</Filter>
    </ClCompile>
    <ClCompile Include="SubDlgs\Compass\SubDlgCompass.cpp">
      <Filter>Source Files</Filter>
    </ClCompile>
    <ClCompile Include="SubDlgs\Accelerometer\SubDlgAccelerometer.cpp">
      <Filter>Source Files</Filter>
    </ClCompile>
    <ClCompile Include="SubDlgs\Accelerometer\SubDlgAccelerometerApp.cpp">
      <Filter>Source Files</Filter>
    </ClCompile>
    <ClCompile Include="SubDlgs\Accelerometer\SubDlgAccelerometerData.cpp">
      <Filter>Source Files</Filter>
    </ClCompile>
    <ClCompile Include="SensorFusion.cpp">
      <Filter>Source Files</Filter>
    </ClCompile>
    <ClCompile Include="acceleration_calibration.c">
      <Filter>Source Files</Filter>
    </ClCompile>
  </ItemGroup>
  <ItemGroup>
    <ResourceCompile Include="iSensors.rc">
      <Filter>Resource Files</Filter>
    </ResourceCompile>
  </ItemGroup>
  <ItemGroup>
    <None Include="res\iSensors.rc2">
      <Filter>Resource Files</Filter>
    </None>
    <None Include="ReadMe.txt" />
    <None Include="res\bk.bmp">
      <Filter>Resource Files</Filter>
    </None>
    <None Include="res\iSensors.ico">
      <Filter>Resource Files</Filter>
    </None>
    <None Include="res\treeicon.bmp">
      <Filter>Resource Files</Filter>
    </None>
  </ItemGroup>
</Project>